
Microsoft Visual Studio Solution File, Format Version 12.00
# Visual Studio Version 16
VisualStudioVersion = 16.0.29102.190
MinimumVisualStudioVersion = 10.0.40219.1
Project("{FAE04EC0-301F-11D3-BF4B-00C04F79EFBC}") = "LibraryIS.WinGormsClient", "LibraryIS.WinGormsClient\LibraryIS.WinGormsClient.csproj", "{5BADA2E5-F3B7-4CD8-AD67-5140E38B6228}"
EndProject
Global
	GlobalSection(SolutionConfigurationPlatforms) = preSolution
		Debug|Any CPU = Debug|Any CPU
		Release|Any CPU = Release|Any CPU
	EndGlobalSection
	GlobalSection(ProjectConfigurationPlatforms) = postSolution
		{5BADA2E5-F3B7-4CD8-AD67-5140E38B6228}.Debug|Any CPU.ActiveCfg = Debug|Any CPU
		{5BADA2E5-F3B7-4CD8-AD67-5140E38B6228}.Debug|Any CPU.Build.0 = Debug|Any CPU
		{5BADA2E5-F3B7-4CD8-AD67-5140E38B6228}.Release|Any CPU.ActiveCfg = Release|Any CPU
		{5BADA2E5-F3B7-4CD8-AD67-5140E38B6228}.Release|Any CPU.Build.0 = Release|Any CPU
	EndGlobalSection
	GlobalSection(SolutionProperties) = preSolution
		HideSolutionNode = FALSE
	EndGlobalSection
	GlobalSection(ExtensibilityGlobals) = postSolution
		SolutionGuid = {29A41607-1FFC-471A-A797-2658FA84E324}
	EndGlobalSection
EndGlobal
